
Microsoft Visual Studio Solution File, Format Version 12.00
# Visual Studio Version 17
VisualStudioVersion = 17.9.34622.214
MinimumVisualStudioVersion = 10.0.40219.1
Project("{9A19103F-16F7-4668-BE54-9A1E7A4F7556}") = "BulkyBookWeb", "BulkyWeb\BulkyBookWeb.csproj", "{64DA8CAD-CD1B-43C1-A404-7412D7167239}"
EndProject
Project("{9A19103F-16F7-4668-BE54-9A1E7A4F7556}") = "BulkyBook.DataAccess", "Bulky.DataAccess\BulkyBook.DataAccess.csproj", "{BB2703A1-EAE1-4D8D-B80A-155EFE91AD54}"
EndProject
Project("{9A19103F-16F7-4668-BE54-9A1E7A4F7556}") = "BulkyBook.Models", "Bulky.Models\BulkyBook.Models.csproj", "{6C453264-2403-4FAD-A470-FF93F557FB2A}"
EndProject
Project("{9A19103F-16F7-4668-BE54-9A1E7A4F7556}") = "BulkyBook.Utility", "Bulky.Utility\BulkyBook.Utility.csproj", "{6B8BB12E-2647-47AC-B4F4-14CEC829C78F}"
EndProject
Global
	GlobalSection(SolutionConfigurationPlatforms) = preSolution
		Debug|Any CPU = Debug|Any CPU
		Release|Any CPU = Release|Any CPU
	EndGlobalSection
	GlobalSection(ProjectConfigurationPlatforms) = postSolution
		{64DA8CAD-CD1B-43C1-A404-7412D7167239}.Debug|Any CPU.ActiveCfg = Debug|Any CPU
		{64DA8CAD-CD1B-43C1-A404-7412D7167239}.Debug|Any CPU.Build.0 = Debug|Any CPU
		{64DA8CAD-CD1B-43C1-A404-7412D7167239}.Release|Any CPU.ActiveCfg = Release|Any CPU
		{64DA8CAD-CD1B-43C1-A404-7412D7167239}.Release|Any CPU.Build.0 = Release|Any CPU
		{BB2703A1-EAE1-4D8D-B80A-155EFE91AD54}.Debug|Any CPU.ActiveCfg = Debug|Any CPU
		{BB2703A1-EAE1-4D8D-B80A-155EFE91AD54}.Debug|Any CPU.Build.0 = Debug|Any CPU
		{BB2703A1-EAE1-4D8D-B80A-155EFE91AD54}.Release|Any CPU.ActiveCfg = Release|Any CPU
		{BB2703A1-EAE1-4D8D-B80A-155EFE91AD54}.Release|Any CPU.Build.0 = Release|Any CPU
		{6C453264-2403-4FAD-A470-FF93F557FB2A}.Debug|Any CPU.ActiveCfg = Debug|Any CPU
		{6C453264-2403-4FAD-A470-FF93F557FB2A}.Debug|Any CPU.Build.0 = Debug|Any CPU
		{6C453264-2403-4FAD-A470-FF93F557FB2A}.Release|Any CPU.ActiveCfg = Release|Any CPU
		{6C453264-2403-4FAD-A470-FF93F557FB2A}.Release|Any CPU.Build.0 = Release|Any CPU
		{6B8BB12E-2647-47AC-B4F4-14CEC829C78F}.Debug|Any CPU.ActiveCfg = Debug|Any CPU
		{6B8BB12E-2647-47AC-B4F4-14CEC829C78F}.Debug|Any CPU.Build.0 = Debug|Any CPU
		{6B8BB12E-2647-47AC-B4F4-14CEC829C78F}.Release|Any CPU.ActiveCfg = Release|Any CPU
		{6B8BB12E-2647-47AC-B4F4-14CEC829C78F}.Release|Any CPU.Build.0 = Release|Any CPU
	EndGlobalSection
	GlobalSection(SolutionProperties) = preSolution
		HideSolutionNode = FALSE
	EndGlobalSection
	GlobalSection(ExtensibilityGlobals) = postSolution
		SolutionGuid = {8EBF7D98-CD50-449B-B195-ACB7F48D3A0C}
	EndGlobalSection
EndGlobal
